
Microsoft Visual Studio Solution File, Format Version 12.00
# Visual Studio Version 16
VisualStudioVersion = 16.0.29709.97
MinimumVisualStudioVersion = 10.0.40219.1
Project("{9A19103F-16F7-4668-BE54-9A1E7A4F7556}") = "Dogger", "Dogger\Dogger.csproj", "{634519A0-281C-4ABD-8207-053B05488B2E}"
EndProject
Project("{9A19103F-16F7-4668-BE54-9A1E7A4F7556}") = "Dogger.Tests", "Dogger.Tests\Dogger.Tests.csproj", "{D86B96E9-456B-49A7-99FE-C3ACE44A1207}"
EndProject
Project("{2150E333-8FDC-42A3-9474-1A3956D46DE8}") = "Solution Items", "Solution Items", "{F9DD83BF-30AA-44B6-A3BA-42671AB0B603}"
	ProjectSection(SolutionItems) = preProject
		.editorconfig = .editorconfig
		docker-compose.deploy.yml = docker-compose.deploy.yml
		docker-compose.local.yml = docker-compose.local.yml
		docker-compose.pull-dog.yml = docker-compose.pull-dog.yml
		docker-compose.test.yml = docker-compose.test.yml
	EndProjectSection
EndProject
Project("{2150E333-8FDC-42A3-9474-1A3956D46DE8}") = "build", "build", "{60474487-E341-4B26-9D02-0FA470436C15}"
	ProjectSection(SolutionItems) = preProject
		..\.github\workflows\build.yml = ..\.github\workflows\build.yml
	EndProjectSection
EndProject
Global
	GlobalSection(SolutionConfigurationPlatforms) = preSolution
		Debug|Any CPU = Debug|Any CPU
		Release|Any CPU = Release|Any CPU
	EndGlobalSection
	GlobalSection(ProjectConfigurationPlatforms) = postSolution
		{634519A0-281C-4ABD-8207-053B05488B2E}.Debug|Any CPU.ActiveCfg = Debug|Any CPU
		{634519A0-281C-4ABD-8207-053B05488B2E}.Debug|Any CPU.Build.0 = Debug|Any CPU
		{634519A0-281C-4ABD-8207-053B05488B2E}.Release|Any CPU.ActiveCfg = Release|Any CPU
		{634519A0-281C-4ABD-8207-053B05488B2E}.Release|Any CPU.Build.0 = Release|Any CPU
		{D86B96E9-456B-49A7-99FE-C3ACE44A1207}.Debug|Any CPU.ActiveCfg = Debug|Any CPU
		{D86B96E9-456B-49A7-99FE-C3ACE44A1207}.Debug|Any CPU.Build.0 = Debug|Any CPU
		{D86B96E9-456B-49A7-99FE-C3ACE44A1207}.Release|Any CPU.ActiveCfg = Release|Any CPU
		{D86B96E9-456B-49A7-99FE-C3ACE44A1207}.Release|Any CPU.Build.0 = Release|Any CPU
		{82076099-7369-4126-9A5B-1C247A314B99}.Debug|Any CPU.ActiveCfg = Debug|Any CPU
		{82076099-7369-4126-9A5B-1C247A314B99}.Debug|Any CPU.Build.0 = Debug|Any CPU
		{82076099-7369-4126-9A5B-1C247A314B99}.Release|Any CPU.ActiveCfg = Release|Any CPU
		{82076099-7369-4126-9A5B-1C247A314B99}.Release|Any CPU.Build.0 = Release|Any CPU
	EndGlobalSection
	GlobalSection(SolutionProperties) = preSolution
		HideSolutionNode = FALSE
	EndGlobalSection
	GlobalSection(ExtensibilityGlobals) = postSolution
		SolutionGuid = {92FD33CD-2873-40F7-8CB3-B4402249FF97}
	EndGlobalSection
EndGlobal
